
Microsoft Visual Studio Solution File, Format Version 12.00
# Visual Studio Version 17
VisualStudioVersion = 17.7.34024.191
MinimumVisualStudioVersion = 10.0.40219.1
Project("{9A19103F-16F7-4668-BE54-9A1E7A4F7556}") = "Libriary", "Model\Libriary.csproj", "{BA16B80C-C65A-4248-8354-8677C5ADC87D}"
EndProject
Project("{FAE04EC0-301F-11D3-BF4B-00C04F79EFBC}") = "Server", "Server\Server.csproj", "{58E91C15-088D-4EB4-8EAA-5FAD3C584E95}"
EndProject
Global
	GlobalSection(SolutionConfigurationPlatforms) = preSolution
		Debug|Any CPU = Debug|Any CPU
		Release|Any CPU = Release|Any CPU
	EndGlobalSection
	GlobalSection(ProjectConfigurationPlatforms) = postSolution
		{BA16B80C-C65A-4248-8354-8677C5ADC87D}.Debug|Any CPU.ActiveCfg = Debug|Any CPU
		{BA16B80C-C65A-4248-8354-8677C5ADC87D}.Debug|Any CPU.Build.0 = Debug|Any CPU
		{BA16B80C-C65A-4248-8354-8677C5ADC87D}.Release|Any CPU.ActiveCfg = Release|Any CPU
		{BA16B80C-C65A-4248-8354-8677C5ADC87D}.Release|Any CPU.Build.0 = Release|Any CPU
		{58E91C15-088D-4EB4-8EAA-5FAD3C584E95}.Debug|Any CPU.ActiveCfg = Debug|Any CPU
		{58E91C15-088D-4EB4-8EAA-5FAD3C584E95}.Debug|Any CPU.Build.0 = Debug|Any CPU
		{58E91C15-088D-4EB4-8EAA-5FAD3C584E95}.Release|Any CPU.ActiveCfg = Release|Any CPU
		{58E91C15-088D-4EB4-8EAA-5FAD3C584E95}.Release|Any CPU.Build.0 = Release|Any CPU
	EndGlobalSection
	GlobalSection(SolutionProperties) = preSolution
		HideSolutionNode = FALSE
	EndGlobalSection
	GlobalSection(ExtensibilityGlobals) = postSolution
		SolutionGuid = {F13F0A3C-B496-40F0-BE73-0F13C8F9E3C9}
	EndGlobalSection
EndGlobal
