
Microsoft Visual Studio Solution File, Format Version 12.00
# Visual Studio Version 17
VisualStudioVersion = 17.7.34024.191
MinimumVisualStudioVersion = 10.0.40219.1
Project("{9A19103F-16F7-4668-BE54-9A1E7A4F7556}") = "Server", "Server\Server.csproj", "{3B51C58E-3810-4E4E-8E3D-8DA4F95E1DF7}"
EndProject
Project("{9A19103F-16F7-4668-BE54-9A1E7A4F7556}") = "Libriary", "Model\Libriary.csproj", "{BA16B80C-C65A-4248-8354-8677C5ADC87D}"
EndProject
Global
	GlobalSection(SolutionConfigurationPlatforms) = preSolution
		Debug|Any CPU = Debug|Any CPU
		Release|Any CPU = Release|Any CPU
	EndGlobalSection
	GlobalSection(ProjectConfigurationPlatforms) = postSolution
		{3B51C58E-3810-4E4E-8E3D-8DA4F95E1DF7}.Debug|Any CPU.ActiveCfg = Debug|Any CPU
		{3B51C58E-3810-4E4E-8E3D-8DA4F95E1DF7}.Debug|Any CPU.Build.0 = Debug|Any CPU
		{3B51C58E-3810-4E4E-8E3D-8DA4F95E1DF7}.Release|Any CPU.ActiveCfg = Release|Any CPU
		{3B51C58E-3810-4E4E-8E3D-8DA4F95E1DF7}.Release|Any CPU.Build.0 = Release|Any CPU
		{BA16B80C-C65A-4248-8354-8677C5ADC87D}.Debug|Any CPU.ActiveCfg = Debug|Any CPU
		{BA16B80C-C65A-4248-8354-8677C5ADC87D}.Debug|Any CPU.Build.0 = Debug|Any CPU
		{BA16B80C-C65A-4248-8354-8677C5ADC87D}.Release|Any CPU.ActiveCfg = Release|Any CPU
		{BA16B80C-C65A-4248-8354-8677C5ADC87D}.Release|Any CPU.Build.0 = Release|Any CPU
	EndGlobalSection
	GlobalSection(SolutionProperties) = preSolution
		HideSolutionNode = FALSE
	EndGlobalSection
	GlobalSection(ExtensibilityGlobals) = postSolution
		SolutionGuid = {F13F0A3C-B496-40F0-BE73-0F13C8F9E3C9}
	EndGlobalSection
EndGlobal
